
Microsoft Visual Studio Solution File, Format Version 12.00
# Visual Studio Version 17
VisualStudioVersion = 17.1.31911.260
MinimumVisualStudioVersion = 10.0.40219.1
Project("{9A19103F-16F7-4668-BE54-9A1E7A4F7556}") = "DidTheyPlayTogether", "DidTheyPlayTogether\DidTheyPlayTogether.csproj", "{C3810F03-6806-4E24-8AC8-EAC9054E7D86}"
EndProject
Project("{2150E333-8FDC-42A3-9474-1A3956D46DE8}") = "ConfigFİles", "ConfigFİles", "{BB53B732-B563-4913-8272-653B39C070B3}"
	ProjectSection(SolutionItems) = preProject
		sharedsettings.json = sharedsettings.json
	EndProjectSection
EndProject
Project("{2150E333-8FDC-42A3-9474-1A3956D46DE8}") = "Test", "Test", "{229CE909-BCB8-42A3-87C8-B0422F79AED0}"
EndProject
Project("{9A19103F-16F7-4668-BE54-9A1E7A4F7556}") = "Application", "Application\Application.csproj", "{570812A3-BC6C-45B1-9590-022322FAB6D7}"
EndProject
Project("{9A19103F-16F7-4668-BE54-9A1E7A4F7556}") = "Domain", "Domain\Domain.csproj", "{579C7455-30B4-4DB9-AF30-C9AF0C5D3287}"
EndProject
Project("{9A19103F-16F7-4668-BE54-9A1E7A4F7556}") = "Infrastructure", "Infrastructure\Infrastructure.csproj", "{F13EC9FA-3056-4348-A3D8-BDA999BA027D}"
EndProject
Global
	GlobalSection(SolutionConfigurationPlatforms) = preSolution
		Debug|Any CPU = Debug|Any CPU
		Release|Any CPU = Release|Any CPU
	EndGlobalSection
	GlobalSection(ProjectConfigurationPlatforms) = postSolution
		{C3810F03-6806-4E24-8AC8-EAC9054E7D86}.Debug|Any CPU.ActiveCfg = Debug|Any CPU
		{C3810F03-6806-4E24-8AC8-EAC9054E7D86}.Debug|Any CPU.Build.0 = Debug|Any CPU
		{C3810F03-6806-4E24-8AC8-EAC9054E7D86}.Release|Any CPU.ActiveCfg = Release|Any CPU
		{C3810F03-6806-4E24-8AC8-EAC9054E7D86}.Release|Any CPU.Build.0 = Release|Any CPU
		{570812A3-BC6C-45B1-9590-022322FAB6D7}.Debug|Any CPU.ActiveCfg = Debug|Any CPU
		{570812A3-BC6C-45B1-9590-022322FAB6D7}.Debug|Any CPU.Build.0 = Debug|Any CPU
		{570812A3-BC6C-45B1-9590-022322FAB6D7}.Release|Any CPU.ActiveCfg = Release|Any CPU
		{570812A3-BC6C-45B1-9590-022322FAB6D7}.Release|Any CPU.Build.0 = Release|Any CPU
		{579C7455-30B4-4DB9-AF30-C9AF0C5D3287}.Debug|Any CPU.ActiveCfg = Debug|Any CPU
		{579C7455-30B4-4DB9-AF30-C9AF0C5D3287}.Debug|Any CPU.Build.0 = Debug|Any CPU
		{579C7455-30B4-4DB9-AF30-C9AF0C5D3287}.Release|Any CPU.ActiveCfg = Release|Any CPU
		{579C7455-30B4-4DB9-AF30-C9AF0C5D3287}.Release|Any CPU.Build.0 = Release|Any CPU
		{F13EC9FA-3056-4348-A3D8-BDA999BA027D}.Debug|Any CPU.ActiveCfg = Debug|Any CPU
		{F13EC9FA-3056-4348-A3D8-BDA999BA027D}.Debug|Any CPU.Build.0 = Debug|Any CPU
		{F13EC9FA-3056-4348-A3D8-BDA999BA027D}.Release|Any CPU.ActiveCfg = Release|Any CPU
		{F13EC9FA-3056-4348-A3D8-BDA999BA027D}.Release|Any CPU.Build.0 = Release|Any CPU
	EndGlobalSection
	GlobalSection(SolutionProperties) = preSolution
		HideSolutionNode = FALSE
	EndGlobalSection
	GlobalSection(ExtensibilityGlobals) = postSolution
		SolutionGuid = {5609593B-6154-49C8-86D6-79E5363786FA}
	EndGlobalSection
EndGlobal
